
Microsoft Visual Studio Solution File, Format Version 12.00
# Visual Studio Version 16
VisualStudioVersion = 16.0.30804.86
MinimumVisualStudioVersion = 10.0.40219.1
Project("{2150E333-8FDC-42A3-9474-1A3956D46DE8}") = "src", "src", "{89597ADE-08C7-41DA-AF61-0EA531A811D7}"
EndProject
Project("{FAE04EC0-301F-11D3-BF4B-00C04F79EFBC}") = "BookmarkManager.Domain", "src\BookmarkManager.Domain\BookmarkManager.Domain.csproj", "{D039C5C2-F720-4EFF-86B9-541185988097}"
EndProject
Global
	GlobalSection(SolutionConfigurationPlatforms) = preSolution
		Debug|Any CPU = Debug|Any CPU
		Release|Any CPU = Release|Any CPU
	EndGlobalSection
	GlobalSection(ProjectConfigurationPlatforms) = postSolution
		{D039C5C2-F720-4EFF-86B9-541185988097}.Debug|Any CPU.ActiveCfg = Debug|Any CPU
		{D039C5C2-F720-4EFF-86B9-541185988097}.Debug|Any CPU.Build.0 = Debug|Any CPU
		{D039C5C2-F720-4EFF-86B9-541185988097}.Release|Any CPU.ActiveCfg = Release|Any CPU
		{D039C5C2-F720-4EFF-86B9-541185988097}.Release|Any CPU.Build.0 = Release|Any CPU
	EndGlobalSection
	GlobalSection(SolutionProperties) = preSolution
		HideSolutionNode = FALSE
	EndGlobalSection
	GlobalSection(NestedProjects) = preSolution
		{D039C5C2-F720-4EFF-86B9-541185988097} = {89597ADE-08C7-41DA-AF61-0EA531A811D7}
	EndGlobalSection
	GlobalSection(ExtensibilityGlobals) = postSolution
		SolutionGuid = {6ADBD17A-AEFB-4726-A695-E45E19A16926}
	EndGlobalSection
EndGlobal
